PODS:
  - Alamofire (3.5.0)
  - ObjectMapper (1.4.0)
  - PlaybasisSDK (0.3.4.9):
    - Alamofire (= 3.5.0)
    - ObjectMapper (= 1.4.0)
    - SAMKeychain (= 1.5.1)
  - SAMKeychain (1.5.1)

DEPENDENCIES:
  - Alamofire
  - ObjectMapper
  - PlaybasisSDK (from `../`)
  - SAMKeychain

EXTERNAL SOURCES:
  PlaybasisSDK:
    :path: "../"

SPEC CHECKSUMS:
  Alamofire: b70a7352335f8ea5babd0a923eb7e8eacc67b877
  ObjectMapper: a07ad0462c5adf014adc0f89ef04c29b626e855e
  PlaybasisSDK: 5dd1e7ad25a3b7788e9139424ac56b5de63f34f0
  SAMKeychain: 6b04852a20684167aea97bdf8ba12c95d3616376

PODFILE CHECKSUM: b8c39de6f5807da2f3e7d4a9dc55d08f10ee6e31

COCOAPODS: 1.1.1
