PODS:
  - Alamofire (3.4.1)
  - ObjectMapper (1.4.0)
  - PlaybasisSDK (0.1.0):
    - Alamofire
    - ObjectMapper
    - SAMKeychain
  - SAMKeychain (1.5.0)

DEPENDENCIES:
  - PlaybasisSDK (from `../`)

EXTERNAL SOURCES:
  PlaybasisSDK:
    :path: "../"

SPEC CHECKSUMS:
  Alamofire: 01a82e2f6c0f860ade35534c8dd88be61bdef40c
  ObjectMapper: a07ad0462c5adf014adc0f89ef04c29b626e855e
  PlaybasisSDK: fdfcc37b60058f4da66f6f8ecb553fe0c1f5ad6f
  SAMKeychain: 1fc9ae02f576365395758b12888c84704eebc423

PODFILE CHECKSUM: 7f332678488f28be1a2822446de3e3710ddcd945

COCOAPODS: 1.0.1
